// !$*UTF8*$!
{
	archiveVersion = 1;
	classes = {
	};
	objectVersion = 55;
	objects = {

/* Begin PBXBuildFile section */
		3421BE79279F693600921D70 /* OLD-TrophyCell.swift in Sources */ = {isa = PBXBuildFile; fileRef = 3421BE78279F693600921D70 /* OLD-TrophyCell.swift */; };
		3421BE7B279F6AFE00921D70 /* OKGNReview.swift in Sources */ = {isa = PBXBuildFile; fileRef = 3421BE7A279F6AFE00921D70 /* OKGNReview.swift */; };
		3421BE7D27A1D1D100921D70 /* Date+Ext.swift in Sources */ = {isa = PBXBuildFile; fileRef = 3421BE7C27A1D1D100921D70 /* Date+Ext.swift */; };
		3421BE8127AC73A800921D70 /* TabBarView.swift in Sources */ = {isa = PBXBuildFile; fileRef = 3421BE8027AC73A800921D70 /* TabBarView.swift */; };
		3421BE8327AC760500921D70 /* DetailedVisitView.swift in Sources */ = {isa = PBXBuildFile; fileRef = 3421BE8227AC760500921D70 /* DetailedVisitView.swift */; };
		3421BE8527AC7D8300921D70 /* XDismissButton.swift in Sources */ = {isa = PBXBuildFile; fileRef = 3421BE8427AC7D8300921D70 /* XDismissButton.swift */; };
		3421BE8727B1F06200921D70 /* MapView.swift in Sources */ = {isa = PBXBuildFile; fileRef = 3421BE8627B1F06200921D70 /* MapView.swift */; };
		3421BE8B27B1F6EB00921D70 /* CloudKit.framework in Frameworks */ = {isa = PBXBuildFile; fileRef = 3421BE8A27B1F6EB00921D70 /* CloudKit.framework */; };
		3421BE8D27B1FB8A00921D70 /* OKGNLocation.swift in Sources */ = {isa = PBXBuildFile; fileRef = 3421BE8C27B1FB8A00921D70 /* OKGNLocation.swift */; };
		3421BE8F27B1FC2300921D70 /* CKAsset+Ext.swift in Sources */ = {isa = PBXBuildFile; fileRef = 3421BE8E27B1FC2300921D70 /* CKAsset+Ext.swift */; };
		3421BE9127B1FD6E00921D70 /* OKGNProfile.swift in Sources */ = {isa = PBXBuildFile; fileRef = 3421BE9027B1FD6E00921D70 /* OKGNProfile.swift */; };
		3421BE9327B347C100921D70 /* LocationListView.swift in Sources */ = {isa = PBXBuildFile; fileRef = 3421BE9227B347C100921D70 /* LocationListView.swift */; };
		3421BE9527B348B600921D70 /* LocationCell.swift in Sources */ = {isa = PBXBuildFile; fileRef = 3421BE9427B348B600921D70 /* LocationCell.swift */; };
		3421BE9727B34A1400921D70 /* LocationDetailView.swift in Sources */ = {isa = PBXBuildFile; fileRef = 3421BE9627B34A1400921D70 /* LocationDetailView.swift */; };
		3421BE9927B34EF600921D70 /* CloudKitManager.swift in Sources */ = {isa = PBXBuildFile; fileRef = 3421BE9827B34EF600921D70 /* CloudKitManager.swift */; };
		3421BE9C27B353C400921D70 /* CKRecord+Ext.swift in Sources */ = {isa = PBXBuildFile; fileRef = 3421BE9B27B353C400921D70 /* CKRecord+Ext.swift */; };
		3421BE9F27B48B2900921D70 /* LocationManager.swift in Sources */ = {isa = PBXBuildFile; fileRef = 3421BE9E27B48B2900921D70 /* LocationManager.swift */; };
		3421BEA127B48BE400921D70 /* MapViewModel.swift in Sources */ = {isa = PBXBuildFile; fileRef = 3421BEA027B48BE400921D70 /* MapViewModel.swift */; };
		3421BEA327B4935B00921D70 /* AlertItem.swift in Sources */ = {isa = PBXBuildFile; fileRef = 3421BEA227B4935B00921D70 /* AlertItem.swift */; };
		3421BEA527B7045A00921D70 /* OnboardView.swift in Sources */ = {isa = PBXBuildFile; fileRef = 3421BEA427B7045A00921D70 /* OnboardView.swift */; };
		3480A9F627C470670031BB09 /* OKGNAnnotation.swift in Sources */ = {isa = PBXBuildFile; fileRef = 3480A9F527C470670031BB09 /* OKGNAnnotation.swift */; };
		3480A9F927C4772B0031BB09 /* TabBarViewModel.swift in Sources */ = {isa = PBXBuildFile; fileRef = 3480A9F827C4772B0031BB09 /* TabBarViewModel.swift */; };
		3480A9FB27C4D6020031BB09 /* SideMenuView.swift in Sources */ = {isa = PBXBuildFile; fileRef = 3480A9FA27C4D6020031BB09 /* SideMenuView.swift */; };
		3480A9FE27C590B20031BB09 /* FriendReviewFeed.swift in Sources */ = {isa = PBXBuildFile; fileRef = 3480A9FD27C590B20031BB09 /* FriendReviewFeed.swift */; };
		3480AA0127C5D11D0031BB09 /* ProfileManager.swift in Sources */ = {isa = PBXBuildFile; fileRef = 3480AA0027C5D11D0031BB09 /* ProfileManager.swift */; };
		3480AA0327C9E8D80031BB09 /* FriendReviewFeedModel.swift in Sources */ = {isa = PBXBuildFile; fileRef = 3480AA0227C9E8D80031BB09 /* FriendReviewFeedModel.swift */; };
		3480AA0527C9EAAF0031BB09 /* FriendCell.swift in Sources */ = {isa = PBXBuildFile; fileRef = 3480AA0427C9EAAF0031BB09 /* FriendCell.swift */; };
		3480AA0727C9F2110031BB09 /* FriendManager.swift in Sources */ = {isa = PBXBuildFile; fileRef = 3480AA0627C9F2110031BB09 /* FriendManager.swift */; };
		34BEA49F27B7502B006F91C1 /* PhotoPicker.swift in Sources */ = {isa = PBXBuildFile; fileRef = 34BEA49E27B7502B006F91C1 /* PhotoPicker.swift */; };
		34BEA4A127B75873006F91C1 /* UIImage+Ext.swift in Sources */ = {isa = PBXBuildFile; fileRef = 34BEA4A027B75873006F91C1 /* UIImage+Ext.swift */; };
		34BEA4A627BAF1D6006F91C1 /* HomePageViewModel.swift in Sources */ = {isa = PBXBuildFile; fileRef = 34BEA4A527BAF1D6006F91C1 /* HomePageViewModel.swift */; };
		34BEA4AA27BC6E9C006F91C1 /* LocationDetailViewModel.swift in Sources */ = {isa = PBXBuildFile; fileRef = 34BEA4A927BC6E9C006F91C1 /* LocationDetailViewModel.swift */; };
		34BEA4AC27BD6846006F91C1 /* ReviewManager.swift in Sources */ = {isa = PBXBuildFile; fileRef = 34BEA4AB27BD6846006F91C1 /* ReviewManager.swift */; };
		34BEA4B027BD9B53006F91C1 /* CreateReviewView.swift in Sources */ = {isa = PBXBuildFile; fileRef = 34BEA4AF27BD9B53006F91C1 /* CreateReviewView.swift */; };
		34D19692279BE4AE00C1CE19 /* EnjoyOKGNApp.swift in Sources */ = {isa = PBXBuildFile; fileRef = 34D19691279BE4AE00C1CE19 /* EnjoyOKGNApp.swift */; };
		34D19694279BE4AE00C1CE19 /* HomePageView.swift in Sources */ = {isa = PBXBuildFile; fileRef = 34D19693279BE4AE00C1CE19 /* HomePageView.swift */; };
		34D19696279BE4AF00C1CE19 /* Assets.xcassets in Resources */ = {isa = PBXBuildFile; fileRef = 34D19695279BE4AF00C1CE19 /* Assets.xcassets */; };
		34D19699279BE4AF00C1CE19 /* Preview Assets.xcassets in Resources */ = {isa = PBXBuildFile; fileRef = 34D19698279BE4AF00C1CE19 /* Preview Assets.xcassets */; };
		34D196A3279BE4AF00C1CE19 /* EnjoyOKGNTests.swift in Sources */ = {isa = PBXBuildFile; fileRef = 34D196A2279BE4AF00C1CE19 /* EnjoyOKGNTests.swift */; };
		34D196AD279BE4AF00C1CE19 /* STOKGNUITests.swift in Sources */ = {isa = PBXBuildFile; fileRef = 34D196AC279BE4AF00C1CE19 /* STOKGNUITests.swift */; };
		34D196AF279BE4AF00C1CE19 /* STOKGNUITestsLaunchTests.swift in Sources */ = {isa = PBXBuildFile; fileRef = 34D196AE279BE4AF00C1CE19 /* STOKGNUITestsLaunchTests.swift */; };
		34D196BC279C976500C1CE19 /* Color+Ext.swift in Sources */ = {isa = PBXBuildFile; fileRef = 34D196BB279C976500C1CE19 /* Color+Ext.swift */; };
		34F004FD279CB00F00899561 /* ProgressBar.swift in Sources */ = {isa = PBXBuildFile; fileRef = 34F004FC279CB00F00899561 /* ProgressBar.swift */; };
		34F00500279CC2E800899561 /* Award.swift in Sources */ = {isa = PBXBuildFile; fileRef = 34F004FF279CC2E800899561 /* Award.swift */; };
		34F00502279CCD7B00899561 /* ReviewCell.swift in Sources */ = {isa = PBXBuildFile; fileRef = 34F00501279CCD7B00899561 /* ReviewCell.swift */; };
		34F00507279CD77100899561 /* MockData.swift in Sources */ = {isa = PBXBuildFile; fileRef = 34F00506279CD77100899561 /* MockData.swift */; };
		34F0050F279CDCA100899561 /* Constants.swift in Sources */ = {isa = PBXBuildFile; fileRef = 34F0050E279CDCA100899561 /* Constants.swift */; };
		34F9660A27E3DB0E006C0288 /* FriendProfileView.swift in Sources */ = {isa = PBXBuildFile; fileRef = 34F9660927E3DB0E006C0288 /* FriendProfileView.swift */; };
		34F9660C27E3DDE3006C0288 /* TopRatedScrollView.swift in Sources */ = {isa = PBXBuildFile; fileRef = 34F9660B27E3DDE3006C0288 /* TopRatedScrollView.swift */; };
		34F9660E27E3DE13006C0288 /* FriendProfileViewModel.swift in Sources */ = {isa = PBXBuildFile; fileRef = 34F9660D27E3DE13006C0288 /* FriendProfileViewModel.swift */; };
		34F9661027E3E0FA006C0288 /* TrophyScrollView.swift in Sources */ = {isa = PBXBuildFile; fileRef = 34F9660F27E3E0FA006C0288 /* TrophyScrollView.swift */; };
		34F9661227E559B8006C0288 /* View+Ext.swift in Sources */ = {isa = PBXBuildFile; fileRef = 34F9661127E559B8006C0288 /* View+Ext.swift */; };
/* End PBXBuildFile section */

/* Begin PBXContainerItemProxy section */
		34D1969F279BE4AF00C1CE19 /* PBXContainerItemProxy */ = {
			isa = PBXContainerItemProxy;
			containerPortal = 34D19686279BE4AE00C1CE19 /* Project object */;
			proxyType = 1;
			remoteGlobalIDString = 34D1968D279BE4AE00C1CE19;
			remoteInfo = STOKGN;
		};
		34D196A9279BE4AF00C1CE19 /* PBXContainerItemProxy */ = {
			isa = PBXContainerItemProxy;
			containerPortal = 34D19686279BE4AE00C1CE19 /* Project object */;
			proxyType = 1;
			remoteGlobalIDString = 34D1968D279BE4AE00C1CE19;
			remoteInfo = STOKGN;
		};
/* End PBXContainerItemProxy section */

/* Begin PBXFileReference section */
		3421BE78279F693600921D70 /* OLD-TrophyCell.swift */ = {isa = PBXFileReference; lastKnownFileType = sourcecode.swift; path = "OLD-TrophyCell.swift"; sourceTree = "<group>"; };
		3421BE7A279F6AFE00921D70 /* OKGNReview.swift */ = {isa = PBXFileReference; lastKnownFileType = sourcecode.swift; path = OKGNReview.swift; sourceTree = "<group>"; };
		3421BE7C27A1D1D100921D70 /* Date+Ext.swift */ = {isa = PBXFileReference; lastKnownFileType = sourcecode.swift; path = "Date+Ext.swift"; sourceTree = "<group>"; };
		3421BE8027AC73A800921D70 /* TabBarView.swift */ = {isa = PBXFileReference; lastKnownFileType = sourcecode.swift; path = TabBarView.swift; sourceTree = "<group>"; };
		3421BE8227AC760500921D70 /* DetailedVisitView.swift */ = {isa = PBXFileReference; lastKnownFileType = sourcecode.swift; path = DetailedVisitView.swift; sourceTree = "<group>"; };
		3421BE8427AC7D8300921D70 /* XDismissButton.swift */ = {isa = PBXFileReference; lastKnownFileType = sourcecode.swift; path = XDismissButton.swift; sourceTree = "<group>"; };
		3421BE8627B1F06200921D70 /* MapView.swift */ = {isa = PBXFileReference; lastKnownFileType = sourcecode.swift; path = MapView.swift; sourceTree = "<group>"; };
		3421BE8827B1F6E700921D70 /* EnjoyOKGN.entitlements */ = {isa = PBXFileReference; lastKnownFileType = text.plist.entitlements; path = EnjoyOKGN.entitlements; sourceTree = "<group>"; };
		3421BE8A27B1F6EB00921D70 /* CloudKit.framework */ = {isa = PBXFileReference; lastKnownFileType = wrapper.framework; name = CloudKit.framework; path = System/Library/Frameworks/CloudKit.framework; sourceTree = SDKROOT; };
		3421BE8C27B1FB8A00921D70 /* OKGNLocation.swift */ = {isa = PBXFileReference; lastKnownFileType = sourcecode.swift; path = OKGNLocation.swift; sourceTree = "<group>"; };
		3421BE8E27B1FC2300921D70 /* CKAsset+Ext.swift */ = {isa = PBXFileReference; lastKnownFileType = sourcecode.swift; path = "CKAsset+Ext.swift"; sourceTree = "<group>"; };
		3421BE9027B1FD6E00921D70 /* OKGNProfile.swift */ = {isa = PBXFileReference; lastKnownFileType = sourcecode.swift; path = OKGNProfile.swift; sourceTree = "<group>"; };
		3421BE9227B347C100921D70 /* LocationListView.swift */ = {isa = PBXFileReference; lastKnownFileType = sourcecode.swift; path = LocationListView.swift; sourceTree = "<group>"; };
		3421BE9427B348B600921D70 /* LocationCell.swift */ = {isa = PBXFileReference; lastKnownFileType = sourcecode.swift; path = LocationCell.swift; sourceTree = "<group>"; };
		3421BE9627B34A1400921D70 /* LocationDetailView.swift */ = {isa = PBXFileReference; lastKnownFileType = sourcecode.swift; path = LocationDetailView.swift; sourceTree = "<group>"; };
		3421BE9827B34EF600921D70 /* CloudKitManager.swift */ = {isa = PBXFileReference; lastKnownFileType = sourcecode.swift; name = CloudKitManager.swift; path = Managers/CloudKitManager.swift; sourceTree = "<group>"; };
		3421BE9B27B353C400921D70 /* CKRecord+Ext.swift */ = {isa = PBXFileReference; lastKnownFileType = sourcecode.swift; path = "CKRecord+Ext.swift"; sourceTree = "<group>"; };
		3421BE9E27B48B2900921D70 /* LocationManager.swift */ = {isa = PBXFileReference; lastKnownFileType = sourcecode.swift; path = LocationManager.swift; sourceTree = "<group>"; };
		3421BEA027B48BE400921D70 /* MapViewModel.swift */ = {isa = PBXFileReference; lastKnownFileType = sourcecode.swift; path = MapViewModel.swift; sourceTree = "<group>"; };
		3421BEA227B4935B00921D70 /* AlertItem.swift */ = {isa = PBXFileReference; lastKnownFileType = sourcecode.swift; path = AlertItem.swift; sourceTree = "<group>"; };
		3421BEA427B7045A00921D70 /* OnboardView.swift */ = {isa = PBXFileReference; lastKnownFileType = sourcecode.swift; path = OnboardView.swift; sourceTree = "<group>"; };
		3480A9F527C470670031BB09 /* OKGNAnnotation.swift */ = {isa = PBXFileReference; lastKnownFileType = sourcecode.swift; path = OKGNAnnotation.swift; sourceTree = "<group>"; };
		3480A9F827C4772B0031BB09 /* TabBarViewModel.swift */ = {isa = PBXFileReference; lastKnownFileType = sourcecode.swift; path = TabBarViewModel.swift; sourceTree = "<group>"; };
		3480A9FA27C4D6020031BB09 /* SideMenuView.swift */ = {isa = PBXFileReference; lastKnownFileType = sourcecode.swift; path = SideMenuView.swift; sourceTree = "<group>"; };
		3480A9FD27C590B20031BB09 /* FriendReviewFeed.swift */ = {isa = PBXFileReference; lastKnownFileType = sourcecode.swift; path = FriendReviewFeed.swift; sourceTree = "<group>"; };
		3480AA0027C5D11D0031BB09 /* ProfileManager.swift */ = {isa = PBXFileReference; lastKnownFileType = sourcecode.swift; path = ProfileManager.swift; sourceTree = "<group>"; };
		3480AA0227C9E8D80031BB09 /* FriendReviewFeedModel.swift */ = {isa = PBXFileReference; lastKnownFileType = sourcecode.swift; path = FriendReviewFeedModel.swift; sourceTree = "<group>"; };
		3480AA0427C9EAAF0031BB09 /* FriendCell.swift */ = {isa = PBXFileReference; lastKnownFileType = sourcecode.swift; path = FriendCell.swift; sourceTree = "<group>"; };
		3480AA0627C9F2110031BB09 /* FriendManager.swift */ = {isa = PBXFileReference; lastKnownFileType = sourcecode.swift; path = FriendManager.swift; sourceTree = "<group>"; };
		34BEA49E27B7502B006F91C1 /* PhotoPicker.swift */ = {isa = PBXFileReference; lastKnownFileType = sourcecode.swift; path = PhotoPicker.swift; sourceTree = "<group>"; };
		34BEA4A027B75873006F91C1 /* UIImage+Ext.swift */ = {isa = PBXFileReference; lastKnownFileType = sourcecode.swift; path = "UIImage+Ext.swift"; sourceTree = "<group>"; };
		34BEA4A527BAF1D6006F91C1 /* HomePageViewModel.swift */ = {isa = PBXFileReference; lastKnownFileType = sourcecode.swift; path = HomePageViewModel.swift; sourceTree = "<group>"; };
		34BEA4A927BC6E9C006F91C1 /* LocationDetailViewModel.swift */ = {isa = PBXFileReference; lastKnownFileType = sourcecode.swift; path = LocationDetailViewModel.swift; sourceTree = "<group>"; };
		34BEA4AB27BD6846006F91C1 /* ReviewManager.swift */ = {isa = PBXFileReference; lastKnownFileType = sourcecode.swift; path = ReviewManager.swift; sourceTree = "<group>"; };
		34BEA4AF27BD9B53006F91C1 /* CreateReviewView.swift */ = {isa = PBXFileReference; lastKnownFileType = sourcecode.swift; path = CreateReviewView.swift; sourceTree = "<group>"; };
		34D1968E279BE4AE00C1CE19 /* EnjoyOKGN.app */ = {isa = PBXFileReference; explicitFileType = wrapper.application; includeInIndex = 0; path = EnjoyOKGN.app; sourceTree = BUILT_PRODUCTS_DIR; };
		34D19691279BE4AE00C1CE19 /* EnjoyOKGNApp.swift */ = {isa = PBXFileReference; lastKnownFileType = sourcecode.swift; path = EnjoyOKGNApp.swift; sourceTree = "<group>"; };
		34D19693279BE4AE00C1CE19 /* HomePageView.swift */ = {isa = PBXFileReference; lastKnownFileType = sourcecode.swift; path = HomePageView.swift; sourceTree = "<group>"; };
		34D19695279BE4AF00C1CE19 /* Assets.xcassets */ = {isa = PBXFileReference; lastKnownFileType = folder.assetcatalog; path = Assets.xcassets; sourceTree = "<group>"; };
		34D19698279BE4AF00C1CE19 /* Preview Assets.xcassets */ = {isa = PBXFileReference; lastKnownFileType = folder.assetcatalog; path = "Preview Assets.xcassets"; sourceTree = "<group>"; };
		34D1969E279BE4AF00C1CE19 /* EnjoyOKGNTests.xctest */ = {isa = PBXFileReference; explicitFileType = wrapper.cfbundle; includeInIndex = 0; path = EnjoyOKGNTests.xctest; sourceTree = BUILT_PRODUCTS_DIR; };
		34D196A2279BE4AF00C1CE19 /* EnjoyOKGNTests.swift */ = {isa = PBXFileReference; lastKnownFileType = sourcecode.swift; path = EnjoyOKGNTests.swift; sourceTree = "<group>"; };
		34D196A8279BE4AF00C1CE19 /* EnjoyOKGNUITests.xctest */ = {isa = PBXFileReference; explicitFileType = wrapper.cfbundle; includeInIndex = 0; path = EnjoyOKGNUITests.xctest; sourceTree = BUILT_PRODUCTS_DIR; };
		34D196AC279BE4AF00C1CE19 /* STOKGNUITests.swift */ = {isa = PBXFileReference; lastKnownFileType = sourcecode.swift; path = STOKGNUITests.swift; sourceTree = "<group>"; };
		34D196AE279BE4AF00C1CE19 /* STOKGNUITestsLaunchTests.swift */ = {isa = PBXFileReference; lastKnownFileType = sourcecode.swift; path = STOKGNUITestsLaunchTests.swift; sourceTree = "<group>"; };
		34D196BB279C976500C1CE19 /* Color+Ext.swift */ = {isa = PBXFileReference; lastKnownFileType = sourcecode.swift; path = "Color+Ext.swift"; sourceTree = "<group>"; };
		34F004FC279CB00F00899561 /* ProgressBar.swift */ = {isa = PBXFileReference; lastKnownFileType = sourcecode.swift; path = ProgressBar.swift; sourceTree = "<group>"; };
		34F004FF279CC2E800899561 /* Award.swift */ = {isa = PBXFileReference; lastKnownFileType = sourcecode.swift; path = Award.swift; sourceTree = "<group>"; };
		34F00501279CCD7B00899561 /* ReviewCell.swift */ = {isa = PBXFileReference; lastKnownFileType = sourcecode.swift; path = ReviewCell.swift; sourceTree = "<group>"; };
		34F00506279CD77100899561 /* MockData.swift */ = {isa = PBXFileReference; lastKnownFileType = sourcecode.swift; path = MockData.swift; sourceTree = "<group>"; };
		34F0050E279CDCA100899561 /* Constants.swift */ = {isa = PBXFileReference; lastKnownFileType = sourcecode.swift; path = Constants.swift; sourceTree = "<group>"; };
		34F9660927E3DB0E006C0288 /* FriendProfileView.swift */ = {isa = PBXFileReference; lastKnownFileType = sourcecode.swift; path = FriendProfileView.swift; sourceTree = "<group>"; };
		34F9660B27E3DDE3006C0288 /* TopRatedScrollView.swift */ = {isa = PBXFileReference; lastKnownFileType = sourcecode.swift; path = TopRatedScrollView.swift; sourceTree = "<group>"; };
		34F9660D27E3DE13006C0288 /* FriendProfileViewModel.swift */ = {isa = PBXFileReference; lastKnownFileType = sourcecode.swift; path = FriendProfileViewModel.swift; sourceTree = "<group>"; };
		34F9660F27E3E0FA006C0288 /* TrophyScrollView.swift */ = {isa = PBXFileReference; lastKnownFileType = sourcecode.swift; path = TrophyScrollView.swift; sourceTree = "<group>"; };
		34F9661127E559B8006C0288 /* View+Ext.swift */ = {isa = PBXFileReference; lastKnownFileType = sourcecode.swift; path = "View+Ext.swift"; sourceTree = "<group>"; };
/* End PBXFileReference section */

/* Begin PBXFrameworksBuildPhase section */
		34D1968B279BE4AE00C1CE19 /* Frameworks */ = {
			isa = PBXFrameworksBuildPhase;
			buildActionMask = 2147483647;
			files = (
				3421BE8B27B1F6EB00921D70 /* CloudKit.framework in Frameworks */,
			);
			runOnlyForDeploymentPostprocessing = 0;
		};
		34D1969B279BE4AF00C1CE19 /* Frameworks */ = {
			isa = PBXFrameworksBuildPhase;
			buildActionMask = 2147483647;
			files = (
			);
			runOnlyForDeploymentPostprocessing = 0;
		};
		34D196A5279BE4AF00C1CE19 /* Frameworks */ = {
			isa = PBXFrameworksBuildPhase;
			buildActionMask = 2147483647;
			files = (
			);
			runOnlyForDeploymentPostprocessing = 0;
		};
/* End PBXFrameworksBuildPhase section */

/* Begin PBXGroup section */
		3421BE8927B1F6EB00921D70 /* Frameworks */ = {
			isa = PBXGroup;
			children = (
				3421BE8A27B1F6EB00921D70 /* CloudKit.framework */,
			);
			name = Frameworks;
			sourceTree = "<group>";
		};
		3480A9F427C470500031BB09 /* Map Annotation */ = {
			isa = PBXGroup;
			children = (
				3480A9F527C470670031BB09 /* OKGNAnnotation.swift */,
			);
			name = "Map Annotation";
			sourceTree = "<group>";
		};
		3480A9F727C477180031BB09 /* TabBarView */ = {
			isa = PBXGroup;
			children = (
				3421BE8027AC73A800921D70 /* TabBarView.swift */,
				3480A9F827C4772B0031BB09 /* TabBarViewModel.swift */,
			);
			name = TabBarView;
			sourceTree = "<group>";
		};
		3480A9FC27C5908C0031BB09 /* FriendReviewFeed */ = {
			isa = PBXGroup;
			children = (
				3480A9FD27C590B20031BB09 /* FriendReviewFeed.swift */,
				3480AA0227C9E8D80031BB09 /* FriendReviewFeedModel.swift */,
			);
			name = FriendReviewFeed;
			sourceTree = "<group>";
		};
		34BEA49D27B75006006F91C1 /* UIKit Components */ = {
			isa = PBXGroup;
			children = (
				34BEA49E27B7502B006F91C1 /* PhotoPicker.swift */,
			);
			name = "UIKit Components";
			sourceTree = "<group>";
		};
		34BEA4A427BAF1C4006F91C1 /* HomePageView */ = {
			isa = PBXGroup;
			children = (
				3421BEA427B7045A00921D70 /* OnboardView.swift */,
				34D19693279BE4AE00C1CE19 /* HomePageView.swift */,
				34BEA4A527BAF1D6006F91C1 /* HomePageViewModel.swift */,
			);
			name = HomePageView;
			sourceTree = "<group>";
		};
		34BEA4A727BC6E5A006F91C1 /* MapView */ = {
			isa = PBXGroup;
			children = (
				3421BE8627B1F06200921D70 /* MapView.swift */,
				3421BEA027B48BE400921D70 /* MapViewModel.swift */,
				3480A9FA27C4D6020031BB09 /* SideMenuView.swift */,
			);
			name = MapView;
			sourceTree = "<group>";
		};
		34BEA4A827BC6E7D006F91C1 /* LocationDetailView */ = {
			isa = PBXGroup;
			children = (
				3421BE9627B34A1400921D70 /* LocationDetailView.swift */,
				34BEA4A927BC6E9C006F91C1 /* LocationDetailViewModel.swift */,
			);
			name = LocationDetailView;
			sourceTree = "<group>";
		};
		34BEA4AD27BD9ADF006F91C1 /* LocationListView */ = {
			isa = PBXGroup;
			children = (
				3421BE9227B347C100921D70 /* LocationListView.swift */,
			);
			name = LocationListView;
			sourceTree = "<group>";
		};
		34BEA4AE27BD9B33006F91C1 /* CreateReviewView */ = {
			isa = PBXGroup;
			children = (
				34BEA4AF27BD9B53006F91C1 /* CreateReviewView.swift */,
			);
			name = CreateReviewView;
			sourceTree = "<group>";
		};
		34D19685279BE4AE00C1CE19 = {
			isa = PBXGroup;
			children = (
				34D19690279BE4AE00C1CE19 /* EnjoyOKGN */,
				34D196A1279BE4AF00C1CE19 /* EnjoyOKGNTests */,
				34D196AB279BE4AF00C1CE19 /* EnjoyOKGNUITests */,
				34D1968F279BE4AE00C1CE19 /* Products */,
				3421BE8927B1F6EB00921D70 /* Frameworks */,
			);
			sourceTree = "<group>";
		};
		34D1968F279BE4AE00C1CE19 /* Products */ = {
			isa = PBXGroup;
			children = (
				34D1968E279BE4AE00C1CE19 /* EnjoyOKGN.app */,
				34D1969E279BE4AF00C1CE19 /* EnjoyOKGNTests.xctest */,
				34D196A8279BE4AF00C1CE19 /* EnjoyOKGNUITests.xctest */,
			);
			name = Products;
			sourceTree = "<group>";
		};
		34D19690279BE4AE00C1CE19 /* EnjoyOKGN */ = {
			isa = PBXGroup;
			children = (
				3421BE8827B1F6E700921D70 /* EnjoyOKGN.entitlements */,
				34D19691279BE4AE00C1CE19 /* EnjoyOKGNApp.swift */,
				34D196BD279C98A000C1CE19 /* Utilities */,
				34D196BF279C98EA00C1CE19 /* Views */,
				34F004FE279CC2D500899561 /* Model */,
				34D19695279BE4AF00C1CE19 /* Assets.xcassets */,
				34D19697279BE4AF00C1CE19 /* Preview Content */,
			);
			path = EnjoyOKGN;
			sourceTree = "<group>";
		};
		34D19697279BE4AF00C1CE19 /* Preview Content */ = {
			isa = PBXGroup;
			children = (
				34D19698279BE4AF00C1CE19 /* Preview Assets.xcassets */,
			);
			path = "Preview Content";
			sourceTree = "<group>";
		};
		34D196A1279BE4AF00C1CE19 /* EnjoyOKGNTests */ = {
			isa = PBXGroup;
			children = (
				34D196A2279BE4AF00C1CE19 /* EnjoyOKGNTests.swift */,
			);
			path = EnjoyOKGNTests;
			sourceTree = "<group>";
		};
		34D196AB279BE4AF00C1CE19 /* EnjoyOKGNUITests */ = {
			isa = PBXGroup;
			children = (
				34D196AC279BE4AF00C1CE19 /* STOKGNUITests.swift */,
				34D196AE279BE4AF00C1CE19 /* STOKGNUITestsLaunchTests.swift */,
			);
			path = EnjoyOKGNUITests;
			sourceTree = "<group>";
		};
		34D196BD279C98A000C1CE19 /* Utilities */ = {
			isa = PBXGroup;
			children = (
				34F0050E279CDCA100899561 /* Constants.swift */,
				3421BE9827B34EF600921D70 /* CloudKitManager.swift */,
				3421BE9E27B48B2900921D70 /* LocationManager.swift */,
				3480AA0027C5D11D0031BB09 /* ProfileManager.swift */,
				34BEA4AB27BD6846006F91C1 /* ReviewManager.swift */,
				3480AA0627C9F2110031BB09 /* FriendManager.swift */,
				3421BEA227B4935B00921D70 /* AlertItem.swift */,
				34D196BE279C98DF00C1CE19 /* Extensions */,
			);
			path = Utilities;
			sourceTree = "<group>";
		};
		34D196BE279C98DF00C1CE19 /* Extensions */ = {
			isa = PBXGroup;
			children = (
				34D196BB279C976500C1CE19 /* Color+Ext.swift */,
				3421BE7C27A1D1D100921D70 /* Date+Ext.swift */,
				3421BE8E27B1FC2300921D70 /* CKAsset+Ext.swift */,
				3421BE9B27B353C400921D70 /* CKRecord+Ext.swift */,
				34BEA4A027B75873006F91C1 /* UIImage+Ext.swift */,
				34F9661127E559B8006C0288 /* View+Ext.swift */,
			);
			path = Extensions;
			sourceTree = "<group>";
		};
		34D196BF279C98EA00C1CE19 /* Views */ = {
			isa = PBXGroup;
			children = (
				34F00505279CCDB000899561 /* CustomViews */,
				34F00503279CCD8800899561 /* CustomCells */,
				34D196C0279C98FD00C1CE19 /* Screens */,
			);
			path = Views;
			sourceTree = "<group>";
		};
		34D196C0279C98FD00C1CE19 /* Screens */ = {
			isa = PBXGroup;
			children = (
				3480A9F727C477180031BB09 /* TabBarView */,
				34BEA4A427BAF1C4006F91C1 /* HomePageView */,
				3480A9FC27C5908C0031BB09 /* FriendReviewFeed */,
				34F9660827E3DA28006C0288 /* FriendProfileView */,
				34BEA4AE27BD9B33006F91C1 /* CreateReviewView */,
				34BEA4A727BC6E5A006F91C1 /* MapView */,
				34BEA4AD27BD9ADF006F91C1 /* LocationListView */,
				34BEA4A827BC6E7D006F91C1 /* LocationDetailView */,
			);
			name = Screens;
			sourceTree = "<group>";
		};
		34F004FE279CC2D500899561 /* Model */ = {
			isa = PBXGroup;
			children = (
				34F00506279CD77100899561 /* MockData.swift */,
				3421BE8C27B1FB8A00921D70 /* OKGNLocation.swift */,
				3421BE9027B1FD6E00921D70 /* OKGNProfile.swift */,
				3421BE7A279F6AFE00921D70 /* OKGNReview.swift */,
				34F004FF279CC2E800899561 /* Award.swift */,
			);
			path = Model;
			sourceTree = "<group>";
		};
		34F00503279CCD8800899561 /* CustomCells */ = {
			isa = PBXGroup;
			children = (
				34F00501279CCD7B00899561 /* ReviewCell.swift */,
				3421BE9427B348B600921D70 /* LocationCell.swift */,
				3480AA0427C9EAAF0031BB09 /* FriendCell.swift */,
				3421BE78279F693600921D70 /* OLD-TrophyCell.swift */,
			);
			name = CustomCells;
			sourceTree = "<group>";
		};
		34F00505279CCDB000899561 /* CustomViews */ = {
			isa = PBXGroup;
			children = (
				3480A9F427C470500031BB09 /* Map Annotation */,
				34BEA49D27B75006006F91C1 /* UIKit Components */,
				34F004FC279CB00F00899561 /* ProgressBar.swift */,
				3421BE8227AC760500921D70 /* DetailedVisitView.swift */,
				3421BE8427AC7D8300921D70 /* XDismissButton.swift */,
				34F9660B27E3DDE3006C0288 /* TopRatedScrollView.swift */,
				34F9660F27E3E0FA006C0288 /* TrophyScrollView.swift */,
			);
			name = CustomViews;
			sourceTree = "<group>";
		};
		34F9660827E3DA28006C0288 /* FriendProfileView */ = {
			isa = PBXGroup;
			children = (
				34F9660927E3DB0E006C0288 /* FriendProfileView.swift */,
				34F9660D27E3DE13006C0288 /* FriendProfileViewModel.swift */,
			);
			name = FriendProfileView;
			sourceTree = "<group>";
		};
/* End PBXGroup section */

/* Begin PBXNativeTarget section */
		34D1968D279BE4AE00C1CE19 /* EnjoyOKGN */ = {
			isa = PBXNativeTarget;
			buildConfigurationList = 34D196B2279BE4AF00C1CE19 /* Build configuration list for PBXNativeTarget "EnjoyOKGN" */;
			buildPhases = (
				34D1968A279BE4AE00C1CE19 /* Sources */,
				34D1968B279BE4AE00C1CE19 /* Frameworks */,
				34D1968C279BE4AE00C1CE19 /* Resources */,
			);
			buildRules = (
			);
			dependencies = (
			);
			name = EnjoyOKGN;
			productName = STOKGN;
			productReference = 34D1968E279BE4AE00C1CE19 /* EnjoyOKGN.app */;
			productType = "com.apple.product-type.application";
		};
		34D1969D279BE4AF00C1CE19 /* EnjoyOKGNTests */ = {
			isa = PBXNativeTarget;
			buildConfigurationList = 34D196B5279BE4AF00C1CE19 /* Build configuration list for PBXNativeTarget "EnjoyOKGNTests" */;
			buildPhases = (
				34D1969A279BE4AF00C1CE19 /* Sources */,
				34D1969B279BE4AF00C1CE19 /* Frameworks */,
				34D1969C279BE4AF00C1CE19 /* Resources */,
			);
			buildRules = (
			);
			dependencies = (
				34D196A0279BE4AF00C1CE19 /* PBXTargetDependency */,
			);
			name = EnjoyOKGNTests;
			productName = STOKGNTests;
			productReference = 34D1969E279BE4AF00C1CE19 /* EnjoyOKGNTests.xctest */;
			productType = "com.apple.product-type.bundle.unit-test";
		};
		34D196A7279BE4AF00C1CE19 /* EnjoyOKGNUITests */ = {
			isa = PBXNativeTarget;
			buildConfigurationList = 34D196B8279BE4AF00C1CE19 /* Build configuration list for PBXNativeTarget "EnjoyOKGNUITests" */;
			buildPhases = (
				34D196A4279BE4AF00C1CE19 /* Sources */,
				34D196A5279BE4AF00C1CE19 /* Frameworks */,
				34D196A6279BE4AF00C1CE19 /* Resources */,
			);
			buildRules = (
			);
			dependencies = (
				34D196AA279BE4AF00C1CE19 /* PBXTargetDependency */,
			);
			name = EnjoyOKGNUITests;
			productName = STOKGNUITests;
			productReference = 34D196A8279BE4AF00C1CE19 /* EnjoyOKGNUITests.xctest */;
			productType = "com.apple.product-type.bundle.ui-testing";
		};
/* End PBXNativeTarget section */

/* Begin PBXProject section */
		34D19686279BE4AE00C1CE19 /* Project object */ = {
			isa = PBXProject;
			attributes = {
				BuildIndependentTargetsInParallel = 1;
				LastSwiftUpdateCheck = 1320;
				LastUpgradeCheck = 1320;
				TargetAttributes = {
					34D1968D279BE4AE00C1CE19 = {
						CreatedOnToolsVersion = 13.2.1;
					};
					34D1969D279BE4AF00C1CE19 = {
						CreatedOnToolsVersion = 13.2.1;
						TestTargetID = 34D1968D279BE4AE00C1CE19;
					};
					34D196A7279BE4AF00C1CE19 = {
						CreatedOnToolsVersion = 13.2.1;
						TestTargetID = 34D1968D279BE4AE00C1CE19;
					};
				};
			};
			buildConfigurationList = 34D19689279BE4AE00C1CE19 /* Build configuration list for PBXProject "EnjoyOKGN" */;
			compatibilityVersion = "Xcode 13.0";
			developmentRegion = en;
			hasScannedForEncodings = 0;
			knownRegions = (
				en,
				Base,
			);
			mainGroup = 34D19685279BE4AE00C1CE19;
			productRefGroup = 34D1968F279BE4AE00C1CE19 /* Products */;
			projectDirPath = "";
			projectRoot = "";
			targets = (
				34D1968D279BE4AE00C1CE19 /* EnjoyOKGN */,
				34D1969D279BE4AF00C1CE19 /* EnjoyOKGNTests */,
				34D196A7279BE4AF00C1CE19 /* EnjoyOKGNUITests */,
			);
		};
/* End PBXProject section */

/* Begin PBXResourcesBuildPhase section */
		34D1968C279BE4AE00C1CE19 /* Resources */ = {
			isa = PBXResourcesBuildPhase;
			buildActionMask = 2147483647;
			files = (
				34D19699279BE4AF00C1CE19 /* Preview Assets.xcassets in Resources */,
				34D19696279BE4AF00C1CE19 /* Assets.xcassets in Resources */,
			);
			runOnlyForDeploymentPostprocessing = 0;
		};
		34D1969C279BE4AF00C1CE19 /* Resources */ = {
			isa = PBXResourcesBuildPhase;
			buildActionMask = 2147483647;
			files = (
			);
			runOnlyForDeploymentPostprocessing = 0;
		};
		34D196A6279BE4AF00C1CE19 /* Resources */ = {
			isa = PBXResourcesBuildPhase;
			buildActionMask = 2147483647;
			files = (
			);
			runOnlyForDeploymentPostprocessing = 0;
		};
/* End PBXResourcesBuildPhase section */

/* Begin PBXSourcesBuildPhase section */
		34D1968A279BE4AE00C1CE19 /* Sources */ = {
			isa = PBXSourcesBuildPhase;
			buildActionMask = 2147483647;
			files = (
				34BEA4B027BD9B53006F91C1 /* CreateReviewView.swift in Sources */,
				34BEA4AA27BC6E9C006F91C1 /* LocationDetailViewModel.swift in Sources */,
				34F9660A27E3DB0E006C0288 /* FriendProfileView.swift in Sources */,
				3421BE79279F693600921D70 /* OLD-TrophyCell.swift in Sources */,
				34D19694279BE4AE00C1CE19 /* HomePageView.swift in Sources */,
				3421BE8127AC73A800921D70 /* TabBarView.swift in Sources */,
				34F9660C27E3DDE3006C0288 /* TopRatedScrollView.swift in Sources */,
				3480A9F927C4772B0031BB09 /* TabBarViewModel.swift in Sources */,
				34F9660E27E3DE13006C0288 /* FriendProfileViewModel.swift in Sources */,
				3480A9FB27C4D6020031BB09 /* SideMenuView.swift in Sources */,
				3421BE8D27B1FB8A00921D70 /* OKGNLocation.swift in Sources */,
				3421BE7D27A1D1D100921D70 /* Date+Ext.swift in Sources */,
				34F9661227E559B8006C0288 /* View+Ext.swift in Sources */,
				34F0050F279CDCA100899561 /* Constants.swift in Sources */,
				3421BE9527B348B600921D70 /* LocationCell.swift in Sources */,
				34F00502279CCD7B00899561 /* ReviewCell.swift in Sources */,
				34BEA49F27B7502B006F91C1 /* PhotoPicker.swift in Sources */,
				3421BE9C27B353C400921D70 /* CKRecord+Ext.swift in Sources */,
				3421BE7B279F6AFE00921D70 /* OKGNReview.swift in Sources */,
				34D19692279BE4AE00C1CE19 /* EnjoyOKGNApp.swift in Sources */,
				3421BE9F27B48B2900921D70 /* LocationManager.swift in Sources */,
				3421BE8727B1F06200921D70 /* MapView.swift in Sources */,
				34F00500279CC2E800899561 /* Award.swift in Sources */,
				3480AA0727C9F2110031BB09 /* FriendManager.swift in Sources */,
				3480AA0527C9EAAF0031BB09 /* FriendCell.swift in Sources */,
				3421BE9927B34EF600921D70 /* CloudKitManager.swift in Sources */,
				3480A9FE27C590B20031BB09 /* FriendReviewFeed.swift in Sources */,
				3421BE8F27B1FC2300921D70 /* CKAsset+Ext.swift in Sources */,
				3421BE9727B34A1400921D70 /* LocationDetailView.swift in Sources */,
				3421BEA527B7045A00921D70 /* OnboardView.swift in Sources */,
				3421BE8327AC760500921D70 /* DetailedVisitView.swift in Sources */,
				3480AA0327C9E8D80031BB09 /* FriendReviewFeedModel.swift in Sources */,
				34F004FD279CB00F00899561 /* ProgressBar.swift in Sources */,
				3480A9F627C470670031BB09 /* OKGNAnnotation.swift in Sources */,
				3421BEA327B4935B00921D70 /* AlertItem.swift in Sources */,
				3421BE9127B1FD6E00921D70 /* OKGNProfile.swift in Sources */,
				34F00507279CD77100899561 /* MockData.swift in Sources */,
				3421BE9327B347C100921D70 /* LocationListView.swift in Sources */,
				34D196BC279C976500C1CE19 /* Color+Ext.swift in Sources */,
				34BEA4A127B75873006F91C1 /* UIImage+Ext.swift in Sources */,
				34BEA4AC27BD6846006F91C1 /* ReviewManager.swift in Sources */,
				3421BE8527AC7D8300921D70 /* XDismissButton.swift in Sources */,
				3421BEA127B48BE400921D70 /* MapViewModel.swift in Sources */,
				34BEA4A627BAF1D6006F91C1 /* HomePageViewModel.swift in Sources */,
				34F9661027E3E0FA006C0288 /* TrophyScrollView.swift in Sources */,
				3480AA0127C5D11D0031BB09 /* ProfileManager.swift in Sources */,
			);
			runOnlyForDeploymentPostprocessing = 0;
		};
		34D1969A279BE4AF00C1CE19 /* Sources */ = {
			isa = PBXSourcesBuildPhase;
			buildActionMask = 2147483647;
			files = (
				34D196A3279BE4AF00C1CE19 /* EnjoyOKGNTests.swift in Sources */,
			);
			runOnlyForDeploymentPostprocessing = 0;
		};
		34D196A4279BE4AF00C1CE19 /* Sources */ = {
			isa = PBXSourcesBuildPhase;
			buildActionMask = 2147483647;
			files = (
				34D196AF279BE4AF00C1CE19 /* STOKGNUITestsLaunchTests.swift in Sources */,
				34D196AD279BE4AF00C1CE19 /* STOKGNUITests.swift in Sources */,
			);
			runOnlyForDeploymentPostprocessing = 0;
		};
/* End PBXSourcesBuildPhase section */

/* Begin PBXTargetDependency section */
		34D196A0279BE4AF00C1CE19 /* PBXTargetDependency */ = {
			isa = PBXTargetDependency;
			target = 34D1968D279BE4AE00C1CE19 /* EnjoyOKGN */;
			targetProxy = 34D1969F279BE4AF00C1CE19 /* PBXContainerItemProxy */;
		};
		34D196AA279BE4AF00C1CE19 /* PBXTargetDependency */ = {
			isa = PBXTargetDependency;
			target = 34D1968D279BE4AE00C1CE19 /* EnjoyOKGN */;
			targetProxy = 34D196A9279BE4AF00C1CE19 /* PBXContainerItemProxy */;
		};
/* End PBXTargetDependency section */

/* Begin XCBuildConfiguration section */
		34D196B0279BE4AF00C1CE19 /* Debug */ = {
			isa = XCBuildConfiguration;
			buildSettings = {
				ALWAYS_SEARCH_USER_PATHS = NO;
				CLANG_ANALYZER_NONNULL = YES;
				CLANG_ANALYZER_NUMBER_OBJECT_CONVERSION = YES_AGGRESSIVE;
				CLANG_CXX_LANGUAGE_STANDARD = "gnu++17";
				CLANG_CXX_LIBRARY = "libc++";
				CLANG_ENABLE_MODULES = YES;
				CLANG_ENABLE_OBJC_ARC = YES;
				CLANG_ENABLE_OBJC_WEAK = YES;
				CLANG_WARN_BLOCK_CAPTURE_AUTORELEASING = YES;
				CLANG_WARN_BOOL_CONVERSION = YES;
				CLANG_WARN_COMMA = YES;
				CLANG_WARN_CONSTANT_CONVERSION = YES;
				CLANG_WARN_DEPRECATED_OBJC_IMPLEMENTATIONS = YES;
				CLANG_WARN_DIRECT_OBJC_ISA_USAGE = YES_ERROR;
				CLANG_WARN_DOCUMENTATION_COMMENTS = YES;
				CLANG_WARN_EMPTY_BODY = YES;
				CLANG_WARN_ENUM_CONVERSION = YES;
				CLANG_WARN_INFINITE_RECURSION = YES;
				CLANG_WARN_INT_CONVERSION = YES;
				CLANG_WARN_NON_LITERAL_NULL_CONVERSION = YES;
				CLANG_WARN_OBJC_IMPLICIT_RETAIN_SELF = YES;
				CLANG_WARN_OBJC_LITERAL_CONVERSION = YES;
				CLANG_WARN_OBJC_ROOT_CLASS = YES_ERROR;
				CLANG_WARN_QUOTED_INCLUDE_IN_FRAMEWORK_HEADER = YES;
				CLANG_WARN_RANGE_LOOP_ANALYSIS = YES;
				CLANG_WARN_STRICT_PROTOTYPES = YES;
				CLANG_WARN_SUSPICIOUS_MOVE = YES;
				CLANG_WARN_UNGUARDED_AVAILABILITY = YES_AGGRESSIVE;
				CLANG_WARN_UNREACHABLE_CODE = YES;
				CLANG_WARN__DUPLICATE_METHOD_MATCH = YES;
				COPY_PHASE_STRIP = NO;
				DEBUG_INFORMATION_FORMAT = dwarf;
				ENABLE_STRICT_OBJC_MSGSEND = YES;
				ENABLE_TESTABILITY = YES;
				GCC_C_LANGUAGE_STANDARD = gnu11;
				GCC_DYNAMIC_NO_PIC = NO;
				GCC_NO_COMMON_BLOCKS = YES;
				GCC_OPTIMIZATION_LEVEL = 0;
				GCC_PREPROCESSOR_DEFINITIONS = (
					"DEBUG=1",
					"$(inherited)",
				);
				GCC_WARN_64_TO_32_BIT_CONVERSION = YES;
				GCC_WARN_ABOUT_RETURN_TYPE = YES_ERROR;
				GCC_WARN_UNDECLARED_SELECTOR = YES;
				GCC_WARN_UNINITIALIZED_AUTOS = YES_AGGRESSIVE;
				GCC_WARN_UNUSED_FUNCTION = YES;
				GCC_WARN_UNUSED_VARIABLE = YES;
				IPHONEOS_DEPLOYMENT_TARGET = 15.2;
				MTL_ENABLE_DEBUG_INFO = INCLUDE_SOURCE;
				MTL_FAST_MATH = YES;
				ONLY_ACTIVE_ARCH = YES;
				SDKROOT = iphoneos;
				SWIFT_ACTIVE_COMPILATION_CONDITIONS = DEBUG;
				SWIFT_OPTIMIZATION_LEVEL = "-Onone";
			};
			name = Debug;
		};
		34D196B1279BE4AF00C1CE19 /* Release */ = {
			isa = XCBuildConfiguration;
			buildSettings = {
				ALWAYS_SEARCH_USER_PATHS = NO;
				CLANG_ANALYZER_NONNULL = YES;
				CLANG_ANALYZER_NUMBER_OBJECT_CONVERSION = YES_AGGRESSIVE;
				CLANG_CXX_LANGUAGE_STANDARD = "gnu++17";
				CLANG_CXX_LIBRARY = "libc++";
				CLANG_ENABLE_MODULES = YES;
				CLANG_ENABLE_OBJC_ARC = YES;
				CLANG_ENABLE_OBJC_WEAK = YES;
				CLANG_WARN_BLOCK_CAPTURE_AUTORELEASING = YES;
				CLANG_WARN_BOOL_CONVERSION = YES;
				CLANG_WARN_COMMA = YES;
				CLANG_WARN_CONSTANT_CONVERSION = YES;
				CLANG_WARN_DEPRECATED_OBJC_IMPLEMENTATIONS = YES;
				CLANG_WARN_DIRECT_OBJC_ISA_USAGE = YES_ERROR;
				CLANG_WARN_DOCUMENTATION_COMMENTS = YES;
				CLANG_WARN_EMPTY_BODY = YES;
				CLANG_WARN_ENUM_CONVERSION = YES;
				CLANG_WARN_INFINITE_RECURSION = YES;
				CLANG_WARN_INT_CONVERSION = YES;
				CLANG_WARN_NON_LITERAL_NULL_CONVERSION = YES;
				CLANG_WARN_OBJC_IMPLICIT_RETAIN_SELF = YES;
				CLANG_WARN_OBJC_LITERAL_CONVERSION = YES;
				CLANG_WARN_OBJC_ROOT_CLASS = YES_ERROR;
				CLANG_WARN_QUOTED_INCLUDE_IN_FRAMEWORK_HEADER = YES;
				CLANG_WARN_RANGE_LOOP_ANALYSIS = YES;
				CLANG_WARN_STRICT_PROTOTYPES = YES;
				CLANG_WARN_SUSPICIOUS_MOVE = YES;
				CLANG_WARN_UNGUARDED_AVAILABILITY = YES_AGGRESSIVE;
				CLANG_WARN_UNREACHABLE_CODE = YES;
				CLANG_WARN__DUPLICATE_METHOD_MATCH = YES;
				COPY_PHASE_STRIP = NO;
				DEBUG_INFORMATION_FORMAT = "dwarf-with-dsym";
				ENABLE_NS_ASSERTIONS = NO;
				ENABLE_STRICT_OBJC_MSGSEND = YES;
				GCC_C_LANGUAGE_STANDARD = gnu11;
				GCC_NO_COMMON_BLOCKS = YES;
				GCC_WARN_64_TO_32_BIT_CONVERSION = YES;
				GCC_WARN_ABOUT_RETURN_TYPE = YES_ERROR;
				GCC_WARN_UNDECLARED_SELECTOR = YES;
				GCC_WARN_UNINITIALIZED_AUTOS = YES_AGGRESSIVE;
				GCC_WARN_UNUSED_FUNCTION = YES;
				GCC_WARN_UNUSED_VARIABLE = YES;
				IPHONEOS_DEPLOYMENT_TARGET = 15.2;
				MTL_ENABLE_DEBUG_INFO = NO;
				MTL_FAST_MATH = YES;
				SDKROOT = iphoneos;
				SWIFT_COMPILATION_MODE = wholemodule;
				SWIFT_OPTIMIZATION_LEVEL = "-O";
				VALIDATE_PRODUCT = YES;
			};
			name = Release;
		};
		34D196B3279BE4AF00C1CE19 /* Debug */ = {
			isa = XCBuildConfiguration;
			buildSettings = {
				ASSETCATALOG_COMPILER_APPICON_NAME = AppIcon;
				ASSETCATALOG_COMPILER_GLOBAL_ACCENT_COLOR_NAME = AccentColor;
				CODE_SIGN_ENTITLEMENTS = EnjoyOKGN/EnjoyOKGN.entitlements;
				CODE_SIGN_IDENTITY = "Apple Development";
				CODE_SIGN_STYLE = Automatic;
				CURRENT_PROJECT_VERSION = 1;
				DEVELOPMENT_ASSET_PATHS = "\"EnjoyOKGN/Preview Content\"";
				DEVELOPMENT_TEAM = 5S28H6FD88;
				ENABLE_PREVIEWS = YES;
				GENERATE_INFOPLIST_FILE = YES;
				INFOPLIST_KEY_NSLocationWhenInUseUsageDescription = "Enjoy OKGN uses your location to show you where you are in reference to points of interest";
				INFOPLIST_KEY_UIApplicationSceneManifest_Generation = YES;
				INFOPLIST_KEY_UIApplicationSupportsIndirectInputEvents = YES;
				INFOPLIST_KEY_UILaunchScreen_Generation = YES;
				INFOPLIST_KEY_UISupportedInterfaceOrientations = UIInterfaceOrientationPortrait;
				INFOPLIST_KEY_UISupportedInterfaceOrientations_iPad = "UIInterfaceOrientationPortrait UIInterfaceOrientationPortraitUpsideDown UIInterfaceOrientationLandscapeLeft UIInterfaceOrientationLandscapeRight";
				INFOPLIST_KEY_UISupportedInterfaceOrientations_iPhone = "UIInterfaceOrientationPortrait UIInterfaceOrientationLandscapeLeft UIInterfaceOrientationLandscapeRight";
				LD_RUNPATH_SEARCH_PATHS = (
					"$(inherited)",
					"@executable_path/Frameworks",
				);
				MARKETING_VERSION = 1.0;
				PRODUCT_BUNDLE_IDENTIFIER = com.blakepat.EnjoyOKGN;
				PRODUCT_NAME = EnjoyOKGN;
				PROVISIONING_PROFILE_SPECIFIER = "";
				SWIFT_EMIT_LOC_STRINGS = YES;
				SWIFT_VERSION = 5.0;
				TARGETED_DEVICE_FAMILY = "1,2";
			};
			name = Debug;
		};
		34D196B4279BE4AF00C1CE19 /* Release */ = {
			isa = XCBuildConfiguration;
			buildSettings = {
				ASSETCATALOG_COMPILER_APPICON_NAME = AppIcon;
				ASSETCATALOG_COMPILER_GLOBAL_ACCENT_COLOR_NAME = AccentColor;
				CODE_SIGN_ENTITLEMENTS = EnjoyOKGN/EnjoyOKGN.entitlements;
				CODE_SIGN_IDENTITY = "Apple Development";
				CODE_SIGN_STYLE = Automatic;
				CURRENT_PROJECT_VERSION = 1;
				DEVELOPMENT_ASSET_PATHS = "\"EnjoyOKGN/Preview Content\"";
				DEVELOPMENT_TEAM = 5S28H6FD88;
				ENABLE_PREVIEWS = YES;
				GENERATE_INFOPLIST_FILE = YES;
				INFOPLIST_KEY_NSLocationWhenInUseUsageDescription = "Enjoy OKGN uses your location to show you where you are in reference to points of interest";
				INFOPLIST_KEY_UIApplicationSceneManifest_Generation = YES;
				INFOPLIST_KEY_UIApplicationSupportsIndirectInputEvents = YES;
				INFOPLIST_KEY_UILaunchScreen_Generation = YES;
				INFOPLIST_KEY_UISupportedInterfaceOrientations = UIInterfaceOrientationPortrait;
				INFOPLIST_KEY_UISupportedInterfaceOrientations_iPad = "UIInterfaceOrientationPortrait UIInterfaceOrientationPortraitUpsideDown UIInterfaceOrientationLandscapeLeft UIInterfaceOrientationLandscapeRight";
				INFOPLIST_KEY_UISupportedInterfaceOrientations_iPhone = "UIInterfaceOrientationPortrait UIInterfaceOrientationLandscapeLeft UIInterfaceOrientationLandscapeRight";
				LD_RUNPATH_SEARCH_PATHS = (
					"$(inherited)",
					"@executable_path/Frameworks",
				);
				MARKETING_VERSION = 1.0;
				PRODUCT_BUNDLE_IDENTIFIER = com.blakepat.EnjoyOKGN;
				PRODUCT_NAME = EnjoyOKGN;
				PROVISIONING_PROFILE_SPECIFIER = "";
				SWIFT_EMIT_LOC_STRINGS = YES;
				SWIFT_VERSION = 5.0;
				TARGETED_DEVICE_FAMILY = "1,2";
			};
			name = Release;
		};
		34D196B6279BE4AF00C1CE19 /* Debug */ = {
			isa = XCBuildConfiguration;
			buildSettings = {
				ALWAYS_EMBED_SWIFT_STANDARD_LIBRARIES = YES;
				BUNDLE_LOADER = "$(TEST_HOST)";
				CODE_SIGN_STYLE = Automatic;
				CURRENT_PROJECT_VERSION = 1;
				DEVELOPMENT_TEAM = 5S28H6FD88;
				GENERATE_INFOPLIST_FILE = YES;
				IPHONEOS_DEPLOYMENT_TARGET = 15.2;
				MARKETING_VERSION = 1.0;
				PRODUCT_BUNDLE_IDENTIFIER = com.blakepat.STOKGNTests;
				PRODUCT_NAME = "$(TARGET_NAME)";
				SWIFT_EMIT_LOC_STRINGS = NO;
				SWIFT_VERSION = 5.0;
				TARGETED_DEVICE_FAMILY = "1,2";
				TEST_HOST = "$(BUILT_PRODUCTS_DIR)/EnjoyOKGN.app/EnjoyOKGN";
			};
			name = Debug;
		};
		34D196B7279BE4AF00C1CE19 /* Release */ = {
			isa = XCBuildConfiguration;
			buildSettings = {
				ALWAYS_EMBED_SWIFT_STANDARD_LIBRARIES = YES;
				BUNDLE_LOADER = "$(TEST_HOST)";
				CODE_SIGN_STYLE = Automatic;
				CURRENT_PROJECT_VERSION = 1;
				DEVELOPMENT_TEAM = 5S28H6FD88;
				GENERATE_INFOPLIST_FILE = YES;
				IPHONEOS_DEPLOYMENT_TARGET = 15.2;
				MARKETING_VERSION = 1.0;
				PRODUCT_BUNDLE_IDENTIFIER = com.blakepat.STOKGNTests;
				PRODUCT_NAME = "$(TARGET_NAME)";
				SWIFT_EMIT_LOC_STRINGS = NO;
				SWIFT_VERSION = 5.0;
				TARGETED_DEVICE_FAMILY = "1,2";
				TEST_HOST = "$(BUILT_PRODUCTS_DIR)/EnjoyOKGN.app/EnjoyOKGN";
			};
			name = Release;
		};
		34D196B9279BE4AF00C1CE19 /* Debug */ = {
			isa = XCBuildConfiguration;
			buildSettings = {
				ALWAYS_EMBED_SWIFT_STANDARD_LIBRARIES = YES;
				CODE_SIGN_STYLE = Automatic;
				CURRENT_PROJECT_VERSION = 1;
				DEVELOPMENT_TEAM = 5S28H6FD88;
				GENERATE_INFOPLIST_FILE = YES;
				MARKETING_VERSION = 1.0;
				PRODUCT_BUNDLE_IDENTIFIER = com.blakepat.STOKGNUITests;
				PRODUCT_NAME = "$(TARGET_NAME)";
				SWIFT_EMIT_LOC_STRINGS = NO;
				SWIFT_VERSION = 5.0;
				TARGETED_DEVICE_FAMILY = "1,2";
				TEST_TARGET_NAME = STOKGN;
			};
			name = Debug;
		};
		34D196BA279BE4AF00C1CE19 /* Release */ = {
			isa = XCBuildConfiguration;
			buildSettings = {
				ALWAYS_EMBED_SWIFT_STANDARD_LIBRARIES = YES;
				CODE_SIGN_STYLE = Automatic;
				CURRENT_PROJECT_VERSION = 1;
				DEVELOPMENT_TEAM = 5S28H6FD88;
				GENERATE_INFOPLIST_FILE = YES;
				MARKETING_VERSION = 1.0;
				PRODUCT_BUNDLE_IDENTIFIER = com.blakepat.STOKGNUITests;
				PRODUCT_NAME = "$(TARGET_NAME)";
				SWIFT_EMIT_LOC_STRINGS = NO;
				SWIFT_VERSION = 5.0;
				TARGETED_DEVICE_FAMILY = "1,2";
				TEST_TARGET_NAME = STOKGN;
			};
			name = Release;
		};
/* End XCBuildConfiguration section */

/* Begin XCConfigurationList section */
		34D19689279BE4AE00C1CE19 /* Build configuration list for PBXProject "EnjoyOKGN" */ = {
			isa = XCConfigurationList;
			buildConfigurations = (
				34D196B0279BE4AF00C1CE19 /* Debug */,
				34D196B1279BE4AF00C1CE19 /* Release */,
			);
			defaultConfigurationIsVisible = 0;
			defaultConfigurationName = Release;
		};
		34D196B2279BE4AF00C1CE19 /* Build configuration list for PBXNativeTarget "EnjoyOKGN" */ = {
			isa = XCConfigurationList;
			buildConfigurations = (
				34D196B3279BE4AF00C1CE19 /* Debug */,
				34D196B4279BE4AF00C1CE19 /* Release */,
			);
			defaultConfigurationIsVisible = 0;
			defaultConfigurationName = Release;
		};
		34D196B5279BE4AF00C1CE19 /* Build configuration list for PBXNativeTarget "EnjoyOKGNTests" */ = {
			isa = XCConfigurationList;
			buildConfigurations = (
				34D196B6279BE4AF00C1CE19 /* Debug */,
				34D196B7279BE4AF00C1CE19 /* Release */,
			);
			defaultConfigurationIsVisible = 0;
			defaultConfigurationName = Release;
		};
		34D196B8279BE4AF00C1CE19 /* Build configuration list for PBXNativeTarget "EnjoyOKGNUITests" */ = {
			isa = XCConfigurationList;
			buildConfigurations = (
				34D196B9279BE4AF00C1CE19 /* Debug */,
				34D196BA279BE4AF00C1CE19 /* Release */,
			);
			defaultConfigurationIsVisible = 0;
			defaultConfigurationName = Release;
		};
/* End XCConfigurationList section */
	};
	rootObject = 34D19686279BE4AE00C1CE19 /* Project object */;
}
